// !$*UTF8*$!
{
	archiveVersion = 1;
	classes = {
	};
	objectVersion = 77;
	objects = {

/* Begin PBXBuildFile section */
		0202D9932DE6F233E391BC8E /* HarborJamApp.swift in Sources */ = {isa = PBXBuildFile; fileRef = 09216A650447FE6B08DEE37B /* HarborJamApp.swift */; };
		C0DEAD0000000000000002 /* HJAdaptive.swift in Sources */ = {isa = PBXBuildFile; fileRef = C0DEAD0000000000000001 /* HJAdaptive.swift */; };
		03001EE2CCE333ABA05D4257 /* HJTheme.swift in Sources */ = {isa = PBXBuildFile; fileRef = ED7ABB41533F46E128EC3724 /* HJTheme.swift */; };
		05A74D6449BB2492844769E8 /* HJModels.swift in Sources */ = {isa = PBXBuildFile; fileRef = C0500D6B061589BA599DADCD /* HJModels.swift */; };
		0943364D376D3F1FE86C8C61 /* HJSave.swift in Sources */ = {isa = PBXBuildFile; fileRef = 6103E9862DA27096EC4D1AEA /* HJSave.swift */; };
		1879DB51491278E6556EDA4E /* HJEngine.swift in Sources */ = {isa = PBXBuildFile; fileRef = ED5D4E223A138C2A313D5698 /* HJEngine.swift */; };
		1B545AB51154A6905EA6DA9A /* HarborJamLoadingScreen.swift in Sources */ = {isa = PBXBuildFile; fileRef = E32480F6F9A77D3C7696964C /* HarborJamLoadingScreen.swift */; };
		21428B0C1EE585D0E999BDC4 /* HJMoreView.swift in Sources */ = {isa = PBXBuildFile; fileRef = 4EFAE8E20E207B3D49465793 /* HJMoreView.swift */; };
		379ED52CC4E8AA0A381B3FB1 /* Assets.xcassets in Resources */ = {isa = PBXBuildFile; fileRef = 569E6B683C26E491764BED09 /* Assets.xcassets */; };
		672B279B8948B87FBEEA4306 /* HarborJamWebPanel.swift in Sources */ = {isa = PBXBuildFile; fileRef = 8F6E813BA2E19BC0017E4980 /* HarborJamWebPanel.swift */; };
		6B3A96B9915A1D32A2B4AEF1 /* HJGenerator.swift in Sources */ = {isa = PBXBuildFile; fileRef = 91C06264659DAF17535770D6 /* HJGenerator.swift */; };
		820482F968DA3A71D49B1CED /* HJRootView.swift in Sources */ = {isa = PBXBuildFile; fileRef = FBB770381C26A33FD4F1028B /* HJRootView.swift */; };
		8B75CA9004D84FBEADD3D8AA /* HJBoardView.swift in Sources */ = {isa = PBXBuildFile; fileRef = 1E7C2EBDCC24F1B273A36CEF /* HJBoardView.swift */; };
		AA2C5FCBFD0B9476371F0352 /* HJDailyView.swift in Sources */ = {isa = PBXBuildFile; fileRef = 06DD81753C5E36E0C7F4F1EA /* HJDailyView.swift */; };
		AC3CAA87EF7688E101C1EBB6 /* HJGameView.swift in Sources */ = {isa = PBXBuildFile; fileRef = E38B0B43018A4FD82B03831D /* HJGameView.swift */; };
		AD5640931466FE19504A5F1F /* HJGameViewModel.swift in Sources */ = {isa = PBXBuildFile; fileRef = 00B51920B8D01771FBEC31AF /* HJGameViewModel.swift */; };
		DEFDC4934A20DC76712A9AFD /* HJAwardsView.swift in Sources */ = {isa = PBXBuildFile; fileRef = 240BCDE9D72B6C1A064C6B4E /* HJAwardsView.swift */; };
		F991BD028DED1DBA63747B9B /* HJHarborView.swift in Sources */ = {isa = PBXBuildFile; fileRef = 57F2FFEF8ED1D6A82FEFA387 /* HJHarborView.swift */; };
/* End PBXBuildFile section */

/* Begin PBXFileReference section */
		C0DEAD0000000000000001 /* HJAdaptive.swift */ = {isa = PBXFileReference; lastKnownFileType = sourcecode.swift; path = HJAdaptive.swift; sourceTree = "<group>"; };
		00B51920B8D01771FBEC31AF /* HJGameViewModel.swift */ = {isa = PBXFileReference; lastKnownFileType = sourcecode.swift; path = HJGameViewModel.swift; sourceTree = "<group>"; };
		06DD81753C5E36E0C7F4F1EA /* HJDailyView.swift */ = {isa = PBXFileReference; lastKnownFileType = sourcecode.swift; path = HJDailyView.swift; sourceTree = "<group>"; };
		09216A650447FE6B08DEE37B /* HarborJamApp.swift */ = {isa = PBXFileReference; lastKnownFileType = sourcecode.swift; path = HarborJamApp.swift; sourceTree = "<group>"; };
		1E7C2EBDCC24F1B273A36CEF /* HJBoardView.swift */ = {isa = PBXFileReference; lastKnownFileType = sourcecode.swift; path = HJBoardView.swift; sourceTree = "<group>"; };
		240BCDE9D72B6C1A064C6B4E /* HJAwardsView.swift */ = {isa = PBXFileReference; lastKnownFileType = sourcecode.swift; path = HJAwardsView.swift; sourceTree = "<group>"; };
		4EFAE8E20E207B3D49465793 /* HJMoreView.swift */ = {isa = PBXFileReference; lastKnownFileType = sourcecode.swift; path = HJMoreView.swift; sourceTree = "<group>"; };
		569E6B683C26E491764BED09 /* Assets.xcassets */ = {isa = PBXFileReference; lastKnownFileType = folder.assetcatalog; path = Assets.xcassets; sourceTree = "<group>"; };
		57F2FFEF8ED1D6A82FEFA387 /* HJHarborView.swift */ = {isa = PBXFileReference; lastKnownFileType = sourcecode.swift; path = HJHarborView.swift; sourceTree = "<group>"; };
		6103E9862DA27096EC4D1AEA /* HJSave.swift */ = {isa = PBXFileReference; lastKnownFileType = sourcecode.swift; path = HJSave.swift; sourceTree = "<group>"; };
		8F6E813BA2E19BC0017E4980 /* HarborJamWebPanel.swift */ = {isa = PBXFileReference; lastKnownFileType = sourcecode.swift; path = HarborJamWebPanel.swift; sourceTree = "<group>"; };
		91C06264659DAF17535770D6 /* HJGenerator.swift */ = {isa = PBXFileReference; lastKnownFileType = sourcecode.swift; path = HJGenerator.swift; sourceTree = "<group>"; };
		C0500D6B061589BA599DADCD /* HJModels.swift */ = {isa = PBXFileReference; lastKnownFileType = sourcecode.swift; path = HJModels.swift; sourceTree = "<group>"; };
		C448DC7CBFBEE35B4B525025 /* Harbor Jam.app */ = {isa = PBXFileReference; includeInIndex = 0; lastKnownFileType = wrapper.application; path = "Harbor Jam.app"; sourceTree = BUILT_PRODUCTS_DIR; };
		E32480F6F9A77D3C7696964C /* HarborJamLoadingScreen.swift */ = {isa = PBXFileReference; lastKnownFileType = sourcecode.swift; path = HarborJamLoadingScreen.swift; sourceTree = "<group>"; };
		E38B0B43018A4FD82B03831D /* HJGameView.swift */ = {isa = PBXFileReference; lastKnownFileType = sourcecode.swift; path = HJGameView.swift; sourceTree = "<group>"; };
		E57C6715440CFBAEB4F58D73 /* Info.plist */ = {isa = PBXFileReference; lastKnownFileType = text.plist; path = Info.plist; sourceTree = "<group>"; };
		ED5D4E223A138C2A313D5698 /* HJEngine.swift */ = {isa = PBXFileReference; lastKnownFileType = sourcecode.swift; path = HJEngine.swift; sourceTree = "<group>"; };
		ED7ABB41533F46E128EC3724 /* HJTheme.swift */ = {isa = PBXFileReference; lastKnownFileType = sourcecode.swift; path = HJTheme.swift; sourceTree = "<group>"; };
		FBB770381C26A33FD4F1028B /* HJRootView.swift */ = {isa = PBXFileReference; lastKnownFileType = sourcecode.swift; path = HJRootView.swift; sourceTree = "<group>"; };
/* End PBXFileReference section */

/* Begin PBXGroup section */
		6DE6B1E2CA3A1DE71041970F = {
			isa = PBXGroup;
			children = (
				E8C6ADF1294695810FC9BE0F /* Harbor Jam */,
				6E30AB0A849F2A9F0C6E52AA /* Products */,
			);
			sourceTree = "<group>";
		};
		6E30AB0A849F2A9F0C6E52AA /* Products */ = {
			isa = PBXGroup;
			children = (
				C448DC7CBFBEE35B4B525025 /* Harbor Jam.app */,
			);
			name = Products;
			sourceTree = "<group>";
		};
		E8C6ADF1294695810FC9BE0F /* Harbor Jam */ = {
			isa = PBXGroup;
			children = (
				569E6B683C26E491764BED09 /* Assets.xcassets */,
				09216A650447FE6B08DEE37B /* HarborJamApp.swift */,
				E32480F6F9A77D3C7696964C /* HarborJamLoadingScreen.swift */,
				8F6E813BA2E19BC0017E4980 /* HarborJamWebPanel.swift */,
				C0DEAD0000000000000001 /* HJAdaptive.swift */,
				240BCDE9D72B6C1A064C6B4E /* HJAwardsView.swift */,
				1E7C2EBDCC24F1B273A36CEF /* HJBoardView.swift */,
				06DD81753C5E36E0C7F4F1EA /* HJDailyView.swift */,
				ED5D4E223A138C2A313D5698 /* HJEngine.swift */,
				E38B0B43018A4FD82B03831D /* HJGameView.swift */,
				00B51920B8D01771FBEC31AF /* HJGameViewModel.swift */,
				91C06264659DAF17535770D6 /* HJGenerator.swift */,
				57F2FFEF8ED1D6A82FEFA387 /* HJHarborView.swift */,
				C0500D6B061589BA599DADCD /* HJModels.swift */,
				4EFAE8E20E207B3D49465793 /* HJMoreView.swift */,
				FBB770381C26A33FD4F1028B /* HJRootView.swift */,
				6103E9862DA27096EC4D1AEA /* HJSave.swift */,
				ED7ABB41533F46E128EC3724 /* HJTheme.swift */,
				E57C6715440CFBAEB4F58D73 /* Info.plist */,
			);
			path = "Harbor Jam";
			sourceTree = "<group>";
		};
/* End PBXGroup section */

/* Begin PBXNativeTarget section */
		9D554A11A6D6FCC4B1173CB0 /* Harbor Jam */ = {
			isa = PBXNativeTarget;
			buildConfigurationList = BD2C44A92DA708D6B3399F11 /* Build configuration list for PBXNativeTarget "Harbor Jam" */;
			buildPhases = (
				D0FBB2BBB0982F7A26FCBE9D /* Sources */,
				F115417AB24C0E0F4821A9A2 /* Resources */,
			);
			buildRules = (
			);
			dependencies = (
			);
			name = "Harbor Jam";
			packageProductDependencies = (
			);
			productName = "Harbor Jam";
			productReference = C448DC7CBFBEE35B4B525025 /* Harbor Jam.app */;
			productType = "com.apple.product-type.application";
		};
/* End PBXNativeTarget section */

/* Begin PBXProject section */
		3E278E492B20D117079AC866 /* Project object */ = {
			isa = PBXProject;
			attributes = {
				BuildIndependentTargetsInParallel = YES;
				LastUpgradeCheck = 1500;
				TargetAttributes = {
					9D554A11A6D6FCC4B1173CB0 = {
						DevelopmentTeam = "";
						ProvisioningStyle = Manual;
					};
				};
			};
			buildConfigurationList = 7969DE2660D9D2365E02BE60 /* Build configuration list for PBXProject "Harbor Jam" */;
			developmentRegion = en;
			hasScannedForEncodings = 0;
			knownRegions = (
				Base,
				en,
			);
			mainGroup = 6DE6B1E2CA3A1DE71041970F;
			minimizedProjectReferenceProxies = 1;
			preferredProjectObjectVersion = 77;
			productRefGroup = 6E30AB0A849F2A9F0C6E52AA /* Products */;
			projectDirPath = "";
			projectRoot = "";
			targets = (
				9D554A11A6D6FCC4B1173CB0 /* Harbor Jam */,
			);
		};
/* End PBXProject section */

/* Begin PBXResourcesBuildPhase section */
		F115417AB24C0E0F4821A9A2 /* Resources */ = {
			isa = PBXResourcesBuildPhase;
			buildActionMask = 2147483647;
			files = (
				379ED52CC4E8AA0A381B3FB1 /* Assets.xcassets in Resources */,
			);
			runOnlyForDeploymentPostprocessing = 0;
		};
/* End PBXResourcesBuildPhase section */

/* Begin PBXSourcesBuildPhase section */
		D0FBB2BBB0982F7A26FCBE9D /* Sources */ = {
			isa = PBXSourcesBuildPhase;
			buildActionMask = 2147483647;
			files = (
				C0DEAD0000000000000002 /* HJAdaptive.swift in Sources */,
				DEFDC4934A20DC76712A9AFD /* HJAwardsView.swift in Sources */,
				8B75CA9004D84FBEADD3D8AA /* HJBoardView.swift in Sources */,
				AA2C5FCBFD0B9476371F0352 /* HJDailyView.swift in Sources */,
				1879DB51491278E6556EDA4E /* HJEngine.swift in Sources */,
				AC3CAA87EF7688E101C1EBB6 /* HJGameView.swift in Sources */,
				AD5640931466FE19504A5F1F /* HJGameViewModel.swift in Sources */,
				6B3A96B9915A1D32A2B4AEF1 /* HJGenerator.swift in Sources */,
				F991BD028DED1DBA63747B9B /* HJHarborView.swift in Sources */,
				05A74D6449BB2492844769E8 /* HJModels.swift in Sources */,
				21428B0C1EE585D0E999BDC4 /* HJMoreView.swift in Sources */,
				820482F968DA3A71D49B1CED /* HJRootView.swift in Sources */,
				0943364D376D3F1FE86C8C61 /* HJSave.swift in Sources */,
				03001EE2CCE333ABA05D4257 /* HJTheme.swift in Sources */,
				0202D9932DE6F233E391BC8E /* HarborJamApp.swift in Sources */,
				1B545AB51154A6905EA6DA9A /* HarborJamLoadingScreen.swift in Sources */,
				672B279B8948B87FBEEA4306 /* HarborJamWebPanel.swift in Sources */,
			);
			runOnlyForDeploymentPostprocessing = 0;
		};
/* End PBXSourcesBuildPhase section */

/* Begin XCBuildConfiguration section */
		0FFD3B526DA5B0920FCC1613 /* Release */ = {
			isa = XCBuildConfiguration;
			buildSettings = {
				ASSETCATALOG_COMPILER_APPICON_NAME = AppIcon;
				CODE_SIGN_STYLE = Manual;
				INFOPLIST_FILE = "Harbor Jam/Info.plist";
				IPHONEOS_DEPLOYMENT_TARGET = 15.6;
				LD_RUNPATH_SEARCH_PATHS = (
					"$(inherited)",
					"@executable_path/Frameworks",
				);
				PRODUCT_BUNDLE_IDENTIFIER = "com.arnljot-dige.harbor-jam";
				PRODUCT_NAME = "Harbor Jam";
				SDKROOT = iphoneos;
				SUPPORTED_PLATFORMS = "iphoneos iphonesimulator";
				SUPPORTS_MACCATALYST = NO;
				SUPPORTS_MAC_DESIGNED_FOR_IPHONE_IPAD = NO;
				SUPPORTS_XR_DESIGNED_FOR_IPHONE_IPAD = NO;
				SWIFT_VERSION = 5.0;
				TARGETED_DEVICE_FAMILY = "1,2";
			};
			name = Release;
		};
		3F31EE297FBE0DEE1F9F4E62 /* Debug */ = {
			isa = XCBuildConfiguration;
			buildSettings = {
				ALWAYS_SEARCH_USER_PATHS = NO;
				CLANG_ANALYZER_NONNULL = YES;
				CLANG_ANALYZER_NUMBER_OBJECT_CONVERSION = YES_AGGRESSIVE;
				CLANG_CXX_LANGUAGE_STANDARD = "gnu++14";
				CLANG_CXX_LIBRARY = "libc++";
				CLANG_ENABLE_MODULES = YES;
				CLANG_ENABLE_OBJC_ARC = YES;
				CLANG_ENABLE_OBJC_WEAK = YES;
				CLANG_WARN_BLOCK_CAPTURE_AUTORELEASING = YES;
				CLANG_WARN_BOOL_CONVERSION = YES;
				CLANG_WARN_COMMA = YES;
				CLANG_WARN_CONSTANT_CONVERSION = YES;
				CLANG_WARN_DEPRECATED_OBJC_IMPLEMENTATIONS = YES;
				CLANG_WARN_DIRECT_OBJC_ISA_USAGE = YES_ERROR;
				CLANG_WARN_DOCUMENTATION_COMMENTS = YES;
				CLANG_WARN_EMPTY_BODY = YES;
				CLANG_WARN_ENUM_CONVERSION = YES;
				CLANG_WARN_INFINITE_RECURSION = YES;
				CLANG_WARN_INT_CONVERSION = YES;
				CLANG_WARN_NON_LITERAL_NULL_CONVERSION = YES;
				CLANG_WARN_OBJC_IMPLICIT_RETAIN_SELF = YES;
				CLANG_WARN_OBJC_LITERAL_CONVERSION = YES;
				CLANG_WARN_OBJC_ROOT_CLASS = YES_ERROR;
				CLANG_WARN_QUOTED_INCLUDE_IN_FRAMEWORK_HEADER = YES;
				CLANG_WARN_RANGE_LOOP_ANALYSIS = YES;
				CLANG_WARN_STRICT_PROTOTYPES = YES;
				CLANG_WARN_SUSPICIOUS_MOVE = YES;
				CLANG_WARN_UNGUARDED_AVAILABILITY = YES_AGGRESSIVE;
				CLANG_WARN_UNREACHABLE_CODE = YES;
				CLANG_WARN__DUPLICATE_METHOD_MATCH = YES;
				COPY_PHASE_STRIP = NO;
				DEBUG_INFORMATION_FORMAT = dwarf;
				ENABLE_STRICT_OBJC_MSGSEND = YES;
				ENABLE_TESTABILITY = YES;
				GCC_C_LANGUAGE_STANDARD = gnu11;
				GCC_DYNAMIC_NO_PIC = NO;
				GCC_NO_COMMON_BLOCKS = YES;
				GCC_OPTIMIZATION_LEVEL = 0;
				GCC_PREPROCESSOR_DEFINITIONS = (
					"$(inherited)",
					"DEBUG=1",
				);
				GCC_WARN_64_TO_32_BIT_CONVERSION = YES;
				GCC_WARN_ABOUT_RETURN_TYPE = YES_ERROR;
				GCC_WARN_UNDECLARED_SELECTOR = YES;
				GCC_WARN_UNINITIALIZED_AUTOS = YES_AGGRESSIVE;
				GCC_WARN_UNUSED_FUNCTION = YES;
				GCC_WARN_UNUSED_VARIABLE = YES;
				MTL_ENABLE_DEBUG_INFO = INCLUDE_SOURCE;
				MTL_FAST_MATH = YES;
				ONLY_ACTIVE_ARCH = YES;
				PRODUCT_NAME = "$(TARGET_NAME)";
				SDKROOT = iphoneos;
				SWIFT_ACTIVE_COMPILATION_CONDITIONS = DEBUG;
				SWIFT_OPTIMIZATION_LEVEL = "-Onone";
				SWIFT_VERSION = 5.0;
			};
			name = Debug;
		};
		77414FDB9D4F9F42C222233E /* Release */ = {
			isa = XCBuildConfiguration;
			buildSettings = {
				ALWAYS_SEARCH_USER_PATHS = NO;
				CLANG_ANALYZER_NONNULL = YES;
				CLANG_ANALYZER_NUMBER_OBJECT_CONVERSION = YES_AGGRESSIVE;
				CLANG_CXX_LANGUAGE_STANDARD = "gnu++14";
				CLANG_CXX_LIBRARY = "libc++";
				CLANG_ENABLE_MODULES = YES;
				CLANG_ENABLE_OBJC_ARC = YES;
				CLANG_ENABLE_OBJC_WEAK = YES;
				CLANG_WARN_BLOCK_CAPTURE_AUTORELEASING = YES;
				CLANG_WARN_BOOL_CONVERSION = YES;
				CLANG_WARN_COMMA = YES;
				CLANG_WARN_CONSTANT_CONVERSION = YES;
				CLANG_WARN_DEPRECATED_OBJC_IMPLEMENTATIONS = YES;
				CLANG_WARN_DIRECT_OBJC_ISA_USAGE = YES_ERROR;
				CLANG_WARN_DOCUMENTATION_COMMENTS = YES;
				CLANG_WARN_EMPTY_BODY = YES;
				CLANG_WARN_ENUM_CONVERSION = YES;
				CLANG_WARN_INFINITE_RECURSION = YES;
				CLANG_WARN_INT_CONVERSION = YES;
				CLANG_WARN_NON_LITERAL_NULL_CONVERSION = YES;
				CLANG_WARN_OBJC_IMPLICIT_RETAIN_SELF = YES;
				CLANG_WARN_OBJC_LITERAL_CONVERSION = YES;
				CLANG_WARN_OBJC_ROOT_CLASS = YES_ERROR;
				CLANG_WARN_QUOTED_INCLUDE_IN_FRAMEWORK_HEADER = YES;
				CLANG_WARN_RANGE_LOOP_ANALYSIS = YES;
				CLANG_WARN_STRICT_PROTOTYPES = YES;
				CLANG_WARN_SUSPICIOUS_MOVE = YES;
				CLANG_WARN_UNGUARDED_AVAILABILITY = YES_AGGRESSIVE;
				CLANG_WARN_UNREACHABLE_CODE = YES;
				CLANG_WARN__DUPLICATE_METHOD_MATCH = YES;
				COPY_PHASE_STRIP = NO;
				DEBUG_INFORMATION_FORMAT = "dwarf-with-dsym";
				ENABLE_NS_ASSERTIONS = NO;
				ENABLE_STRICT_OBJC_MSGSEND = YES;
				GCC_C_LANGUAGE_STANDARD = gnu11;
				GCC_NO_COMMON_BLOCKS = YES;
				GCC_WARN_64_TO_32_BIT_CONVERSION = YES;
				GCC_WARN_ABOUT_RETURN_TYPE = YES_ERROR;
				GCC_WARN_UNDECLARED_SELECTOR = YES;
				GCC_WARN_UNINITIALIZED_AUTOS = YES_AGGRESSIVE;
				GCC_WARN_UNUSED_FUNCTION = YES;
				GCC_WARN_UNUSED_VARIABLE = YES;
				MTL_ENABLE_DEBUG_INFO = NO;
				MTL_FAST_MATH = YES;
				PRODUCT_NAME = "$(TARGET_NAME)";
				SDKROOT = iphoneos;
				SWIFT_COMPILATION_MODE = wholemodule;
				SWIFT_OPTIMIZATION_LEVEL = "-O";
				SWIFT_VERSION = 5.0;
			};
			name = Release;
		};
		EA27ECB42E6DC287CC56C896 /* Debug */ = {
			isa = XCBuildConfiguration;
			buildSettings = {
				ASSETCATALOG_COMPILER_APPICON_NAME = AppIcon;
				CODE_SIGN_STYLE = Manual;
				INFOPLIST_FILE = "Harbor Jam/Info.plist";
				IPHONEOS_DEPLOYMENT_TARGET = 15.6;
				LD_RUNPATH_SEARCH_PATHS = (
					"$(inherited)",
					"@executable_path/Frameworks",
				);
				PRODUCT_BUNDLE_IDENTIFIER = "com.arnljot-dige.harbor-jam";
				PRODUCT_NAME = "Harbor Jam";
				SDKROOT = iphoneos;
				SUPPORTED_PLATFORMS = "iphoneos iphonesimulator";
				SUPPORTS_MACCATALYST = NO;
				SUPPORTS_MAC_DESIGNED_FOR_IPHONE_IPAD = NO;
				SUPPORTS_XR_DESIGNED_FOR_IPHONE_IPAD = NO;
				SWIFT_VERSION = 5.0;
				TARGETED_DEVICE_FAMILY = "1,2";
			};
			name = Debug;
		};
/* End XCBuildConfiguration section */

/* Begin XCConfigurationList section */
		7969DE2660D9D2365E02BE60 /* Build configuration list for PBXProject "Harbor Jam" */ = {
			isa = XCConfigurationList;
			buildConfigurations = (
				3F31EE297FBE0DEE1F9F4E62 /* Debug */,
				77414FDB9D4F9F42C222233E /* Release */,
			);
			defaultConfigurationIsVisible = 0;
			defaultConfigurationName = Debug;
		};
		BD2C44A92DA708D6B3399F11 /* Build configuration list for PBXNativeTarget "Harbor Jam" */ = {
			isa = XCConfigurationList;
			buildConfigurations = (
				EA27ECB42E6DC287CC56C896 /* Debug */,
				0FFD3B526DA5B0920FCC1613 /* Release */,
			);
			defaultConfigurationIsVisible = 0;
			defaultConfigurationName = Debug;
		};
/* End XCConfigurationList section */
	};
	rootObject = 3E278E492B20D117079AC866 /* Project object */;
}
